
Microsoft Visual Studio Solution File, Format Version 12.00
# Visual Studio 15
VisualStudioVersion = 15.0.28307.1259
MinimumVisualStudioVersion = 10.0.40219.1
Project("{FAE04EC0-301F-11D3-BF4B-00C04F79EFBC}") = "CNTMOMTO", "CNTMOMTO\CNTMOMTO.csproj", "{D1BF9797-F24B-46A7-B363-6572FCAFB3C0}"
EndProject
Global
	GlobalSection(SolutionConfigurationPlatforms) = preSolution
		Debug|Any CPU = Debug|Any CPU
		Release|Any CPU = Release|Any CPU
	EndGlobalSection
	GlobalSection(ProjectConfigurationPlatforms) = postSolution
		{D1BF9797-F24B-46A7-B363-6572FCAFB3C0}.Debug|Any CPU.ActiveCfg = Debug|Any CPU
		{D1BF9797-F24B-46A7-B363-6572FCAFB3C0}.Debug|Any CPU.Build.0 = Debug|Any CPU
		{D1BF9797-F24B-46A7-B363-6572FCAFB3C0}.Release|Any CPU.ActiveCfg = Release|Any CPU
		{D1BF9797-F24B-46A7-B363-6572FCAFB3C0}.Release|Any CPU.Build.0 = Release|Any CPU
	EndGlobalSection
	GlobalSection(SolutionProperties) = preSolution
		HideSolutionNode = FALSE
	EndGlobalSection
	GlobalSection(ExtensibilityGlobals) = postSolution
		SolutionGuid = {AEE81F14-C977-4F5A-A8FC-C7A9B381F7ED}
	EndGlobalSection
EndGlobal
